{
  "name": "PP-CLCA-PCM",
  "version": "0.1.0",
  "lockfileVersion": 3,
  "requires": true,
  "packages": {
    "": {
      "version": "0.1.0",
      "workspaces": [
        "application",
        "domain",
        "infrastructure/adapters"
      ]
    },
    "application": {
      "name": "@pp-clca-pcm/application",
      "version": "0.1.0",
      "dependencies": {
        "@types/node": "^24.7.0"
      }
    },
    "domain": {
      "name": "@pp-clca-pcm/domain",
      "version": "0.1.0",
      "dependencies": {
        "@types/node": "^24.7.0"
      }
    },
    "infrastructure/adapters": {
      "name": "@pp-clca-pcm/adapters",
      "version": "0.1.0"
    },
    "node_modules/@pp-clca-pcm/adapters": {
      "resolved": "infrastructure/adapters",
      "link": true
    },
    "node_modules/@pp-clca-pcm/application": {
      "resolved": "application",
      "link": true
    },
    "node_modules/@pp-clca-pcm/domain": {
      "resolved": "domain",
      "link": true
    },
    "node_modules/@types/node": {
      "version": "24.7.0",
      "resolved": "https://registry.npmjs.org/@types/node/-/node-24.7.0.tgz",
      "integrity": "sha512-IbKooQVqUBrlzWTi79E8Fw78l8k1RNtlDDNWsFZs7XonuQSJ8oNYfEeclhprUldXISRMLzBpILuKgPlIxm+/Yw==",
      "license": "MIT",
      "dependencies": {
        "undici-types": "~7.14.0"
      }
    },
    "node_modules/undici-types": {
      "version": "7.14.0",
      "resolved": "https://registry.npmjs.org/undici-types/-/undici-types-7.14.0.tgz",
      "integrity": "sha512-QQiYxHuyZ9gQUIrmPo3IA+hUl4KYk8uSA7cHrcKd/l3p1OTpZcM0Tbp9x7FAtXdAYhlasd60ncPpgu6ihG6TOA==",
      "license": "MIT"
    }
  }
}
