{
  "name": "PP-CLCA-PCM",
  "version": "0.1.0",
  "lockfileVersion": 3,
  "requires": true,
  "packages": {
    "": {
      "version": "0.1.0"
    },
    "application": {
      "name": "@pp-clca-pcm/application",
      "version": "0.1.0",
      "extraneous": true,
      "dependencies": {
        "@pp-clca-pcm/domain": "workspace:*",
        "@types/node": "^24.7.0",
        "exhaustive": "^1.1.2"
      }
    },
    "domain": {
      "name": "@pp-clca-pcm/domain",
      "version": "0.1.0",
      "extraneous": true,
      "dependencies": {
        "@types/node": "^24.7.0"
      }
    },
    "infrastructure/adapters": {
      "name": "@pp-clca-pcm/adapters",
      "version": "0.1.0",
      "extraneous": true,
      "dependencies": {
        "@pp-clca-pcm/application": "workspace:*",
        "@pp-clca-pcm/domain": "workspace:*",
        "@prisma/adapter-pg": "^7.1.0",
        "@prisma/client": "^7.1.0",
        "argon2": "^0.44.0",
        "cron": "^4.4.0",
        "dotenv": "^17.2.3",
        "jsonwebtoken": "^9.0.3",
        "mariadb": "^3.4.5",
        "pg": "^8.16.3",
        "redis": "^5.10.0"
      },
      "devDependencies": {
        "@types/cron": "^2.0.1",
        "@types/jsonwebtoken": "^9.0.10",
        "@types/node": "^24.7.0",
        "@types/pg": "^8.16.0",
        "prisma": "^7.1.0",
        "tsx": "^4.21.0",
        "typescript": "^5.9.3"
      }
    },
    "infrastructure/tests": {
      "name": "@pp-clca-pcm/tests",
      "version": "0.1.0",
      "extraneous": true,
      "dependencies": {
        "@pp-clca-pcm/adapters": "workspace:*",
        "@pp-clca-pcm/application": "workspace:*",
        "@pp-clca-pcm/domain": "workspace:*",
        "@types/node": "^24.7.0",
        "dotenv": "^17.2.3",
        "redis": "^5.10.0"
      },
      "devDependencies": {
        "vitest": "^3.2.4"
      }
    }
  }
}
